// !$*UTF8*$!
{
	archiveVersion = 1;
	classes = {
	};
	objectVersion = 50;
	objects = {

/* Begin PBXBuildFile section */
		0E017D7923BDDE82008377C0 /* ProfileEditor.swift in Sources */ = {isa = PBXBuildFile; fileRef = 0E017D7823BDDE82008377C0 /* ProfileEditor.swift */; };
		0E017D7C23BDE82F008377C0 /* PageViewController.swift in Sources */ = {isa = PBXBuildFile; fileRef = 0E017D7B23BDE82F008377C0 /* PageViewController.swift */; };
		0E017D7E23BDE89E008377C0 /* PageView.swift in Sources */ = {isa = PBXBuildFile; fileRef = 0E017D7D23BDE89E008377C0 /* PageView.swift */; };
		0E017D8023BDE94F008377C0 /* FeatureCard.swift in Sources */ = {isa = PBXBuildFile; fileRef = 0E017D7F23BDE94F008377C0 /* FeatureCard.swift */; };
		0E279FFC23BB64AD005EDF87 /* LandmarkList.swift in Sources */ = {isa = PBXBuildFile; fileRef = 0E279FFB23BB64AD005EDF87 /* LandmarkList.swift */; };
		0E5B3B1223BDB71B00168202 /* BadgeView.swift in Sources */ = {isa = PBXBuildFile; fileRef = 0E5B3B1123BDB71B00168202 /* BadgeView.swift */; };
		0E5B3B1423BDB7B700168202 /* HexagonParameters.swift in Sources */ = {isa = PBXBuildFile; fileRef = 0E5B3B1323BDB7B700168202 /* HexagonParameters.swift */; };
		0E5B3B1623BDC12500168202 /* BadgeBackgroundView.swift in Sources */ = {isa = PBXBuildFile; fileRef = 0E5B3B1523BDC12500168202 /* BadgeBackgroundView.swift */; };
		0E5B3B1823BDC17A00168202 /* BadgeSymbol.swift in Sources */ = {isa = PBXBuildFile; fileRef = 0E5B3B1723BDC17A00168202 /* BadgeSymbol.swift */; };
		0E5B3B1A23BDC1F700168202 /* RotatedBadgeSymbol.swift in Sources */ = {isa = PBXBuildFile; fileRef = 0E5B3B1923BDC1F700168202 /* RotatedBadgeSymbol.swift */; };
		0E5B3B1D23BDC53F00168202 /* HikeView.swift in Sources */ = {isa = PBXBuildFile; fileRef = 0E5B3B1C23BDC53F00168202 /* HikeView.swift */; };
		0E5B3B1F23BDC56400168202 /* Hike.swift in Sources */ = {isa = PBXBuildFile; fileRef = 0E5B3B1E23BDC56400168202 /* Hike.swift */; };
		0E5B3B2123BDC58900168202 /* HikeGraph.swift in Sources */ = {isa = PBXBuildFile; fileRef = 0E5B3B2023BDC58900168202 /* HikeGraph.swift */; };
		0E5B3B2323BDC5AF00168202 /* HikeDetail.swift in Sources */ = {isa = PBXBuildFile; fileRef = 0E5B3B2223BDC5AF00168202 /* HikeDetail.swift */; };
		0E5B3B2723BDC6A500168202 /* GraphCapsule.swift in Sources */ = {isa = PBXBuildFile; fileRef = 0E5B3B2623BDC6A500168202 /* GraphCapsule.swift */; };
		0E5B3B2923BDD48300168202 /* HomeView.swift in Sources */ = {isa = PBXBuildFile; fileRef = 0E5B3B2823BDD48300168202 /* HomeView.swift */; };
		0E5B3B2B23BDD55900168202 /* CategoryRow.swift in Sources */ = {isa = PBXBuildFile; fileRef = 0E5B3B2A23BDD55900168202 /* CategoryRow.swift */; };
		0E5B3B2D23BDDA8F00168202 /* Profile.swift in Sources */ = {isa = PBXBuildFile; fileRef = 0E5B3B2C23BDDA8F00168202 /* Profile.swift */; };
		0E5B3B3023BDDAE700168202 /* ProfileHost.swift in Sources */ = {isa = PBXBuildFile; fileRef = 0E5B3B2F23BDDAE700168202 /* ProfileHost.swift */; };
		0E5B3B3223BDDBB500168202 /* ProfileSummary.swift in Sources */ = {isa = PBXBuildFile; fileRef = 0E5B3B3123BDDBB500168202 /* ProfileSummary.swift */; };
		0E5B3B3423BDDC1200168202 /* HikeBadge.swift in Sources */ = {isa = PBXBuildFile; fileRef = 0E5B3B3323BDDC1200168202 /* HikeBadge.swift */; };
		0E65D18823BDAFAC00864150 /* UserData.swift in Sources */ = {isa = PBXBuildFile; fileRef = 0E65D18723BDAFAC00864150 /* UserData.swift */; };
		0E91E95623BB56AB00222094 /* AppDelegate.swift in Sources */ = {isa = PBXBuildFile; fileRef = 0E91E95523BB56AB00222094 /* AppDelegate.swift */; };
		0E91E95823BB56AB00222094 /* SceneDelegate.swift in Sources */ = {isa = PBXBuildFile; fileRef = 0E91E95723BB56AB00222094 /* SceneDelegate.swift */; };
		0E91E95A23BB56AB00222094 /* LandmarkDetail.swift in Sources */ = {isa = PBXBuildFile; fileRef = 0E91E95923BB56AB00222094 /* LandmarkDetail.swift */; };
		0E91E95C23BB56AD00222094 /* Assets.xcassets in Resources */ = {isa = PBXBuildFile; fileRef = 0E91E95B23BB56AD00222094 /* Assets.xcassets */; };
		0E91E95F23BB56AD00222094 /* Preview Assets.xcassets in Resources */ = {isa = PBXBuildFile; fileRef = 0E91E95E23BB56AD00222094 /* Preview Assets.xcassets */; };
		0E91E96223BB56AD00222094 /* LaunchScreen.storyboard in Resources */ = {isa = PBXBuildFile; fileRef = 0E91E96023BB56AD00222094 /* LaunchScreen.storyboard */; };
		0E91E96A23BB58AB00222094 /* CircleImage.swift in Sources */ = {isa = PBXBuildFile; fileRef = 0E91E96923BB58AB00222094 /* CircleImage.swift */; };
		0E91E96C23BB598600222094 /* MapView.swift in Sources */ = {isa = PBXBuildFile; fileRef = 0E91E96B23BB598600222094 /* MapView.swift */; };
		0EBA48BA23BDED0F0056C606 /* chilkoottrail.jpg in Resources */ = {isa = PBXBuildFile; fileRef = 0EBA48A923BDED0E0056C606 /* chilkoottrail.jpg */; };
		0EBA48BB23BDED0F0056C606 /* stmarylake_feature.jpg in Resources */ = {isa = PBXBuildFile; fileRef = 0EBA48AA23BDED0E0056C606 /* stmarylake_feature.jpg */; };
		0EBA48BC23BDED0F0056C606 /* silversalmoncreek.jpg in Resources */ = {isa = PBXBuildFile; fileRef = 0EBA48AB23BDED0E0056C606 /* silversalmoncreek.jpg */; };
		0EBA48BD23BDED0F0056C606 /* chincoteague.jpg in Resources */ = {isa = PBXBuildFile; fileRef = 0EBA48AC23BDED0E0056C606 /* chincoteague.jpg */; };
		0EBA48BE23BDED0F0056C606 /* hiddenlake.jpg in Resources */ = {isa = PBXBuildFile; fileRef = 0EBA48AD23BDED0E0056C606 /* hiddenlake.jpg */; };
		0EBA48BF23BDED0F0056C606 /* turtlerock_feature.jpg in Resources */ = {isa = PBXBuildFile; fileRef = 0EBA48AE23BDED0E0056C606 /* turtlerock_feature.jpg */; };
		0EBA48C023BDED0F0056C606 /* landmarkData.json in Resources */ = {isa = PBXBuildFile; fileRef = 0EBA48AF23BDED0F0056C606 /* landmarkData.json */; };
		0EBA48C123BDED0F0056C606 /* twinlake.jpg in Resources */ = {isa = PBXBuildFile; fileRef = 0EBA48B023BDED0F0056C606 /* twinlake.jpg */; };
		0EBA48C223BDED0F0056C606 /* lakemcdonald.jpg in Resources */ = {isa = PBXBuildFile; fileRef = 0EBA48B123BDED0F0056C606 /* lakemcdonald.jpg */; };
		0EBA48C323BDED0F0056C606 /* hikeData.json in Resources */ = {isa = PBXBuildFile; fileRef = 0EBA48B223BDED0F0056C606 /* hikeData.json */; };
		0EBA48C423BDED0F0056C606 /* rainbowlake.jpg in Resources */ = {isa = PBXBuildFile; fileRef = 0EBA48B323BDED0F0056C606 /* rainbowlake.jpg */; };
		0EBA48C523BDED0F0056C606 /* stmarylake.jpg in Resources */ = {isa = PBXBuildFile; fileRef = 0EBA48B423BDED0F0056C606 /* stmarylake.jpg */; };
		0EBA48C623BDED0F0056C606 /* turtlerock.jpg in Resources */ = {isa = PBXBuildFile; fileRef = 0EBA48B523BDED0F0056C606 /* turtlerock.jpg */; };
		0EBA48C723BDED0F0056C606 /* icybay.jpg in Resources */ = {isa = PBXBuildFile; fileRef = 0EBA48B623BDED0F0056C606 /* icybay.jpg */; };
		0EBA48C823BDED0F0056C606 /* umbagog.jpg in Resources */ = {isa = PBXBuildFile; fileRef = 0EBA48B723BDED0F0056C606 /* umbagog.jpg */; };
		0EBA48C923BDED0F0056C606 /* charleyrivers.jpg in Resources */ = {isa = PBXBuildFile; fileRef = 0EBA48B823BDED0F0056C606 /* charleyrivers.jpg */; };
		0EBA48CA23BDED0F0056C606 /* charleyrivers_feature.jpg in Resources */ = {isa = PBXBuildFile; fileRef = 0EBA48B923BDED0F0056C606 /* charleyrivers_feature.jpg */; };
		0EBA48CC23BDEDCD0056C606 /* PageControl.swift in Sources */ = {isa = PBXBuildFile; fileRef = 0EBA48CB23BDEDCD0056C606 /* PageControl.swift */; };
		0EEB89D223BB616C008AB4BA /* LandmarkRow.swift in Sources */ = {isa = PBXBuildFile; fileRef = 0EEB89D123BB616C008AB4BA /* LandmarkRow.swift */; };
		0EEB89D423BB619B008AB4BA /* Landmark.swift in Sources */ = {isa = PBXBuildFile; fileRef = 0EEB89D323BB619B008AB4BA /* Landmark.swift */; };
		0EEB89D623BB61D1008AB4BA /* Data.swift in Sources */ = {isa = PBXBuildFile; fileRef = 0EEB89D523BB61D1008AB4BA /* Data.swift */; };
/* End PBXBuildFile section */

/* Begin PBXFileReference section */
		0E017D7823BDDE82008377C0 /* ProfileEditor.swift */ = {isa = PBXFileReference; lastKnownFileType = sourcecode.swift; path = ProfileEditor.swift; sourceTree = "<group>"; };
		0E017D7B23BDE82F008377C0 /* PageViewController.swift */ = {isa = PBXFileReference; lastKnownFileType = sourcecode.swift; path = PageViewController.swift; sourceTree = "<group>"; };
		0E017D7D23BDE89E008377C0 /* PageView.swift */ = {isa = PBXFileReference; lastKnownFileType = sourcecode.swift; path = PageView.swift; sourceTree = "<group>"; };
		0E017D7F23BDE94F008377C0 /* FeatureCard.swift */ = {isa = PBXFileReference; lastKnownFileType = sourcecode.swift; path = FeatureCard.swift; sourceTree = "<group>"; };
		0E279FFB23BB64AD005EDF87 /* LandmarkList.swift */ = {isa = PBXFileReference; lastKnownFileType = sourcecode.swift; path = LandmarkList.swift; sourceTree = "<group>"; };
		0E5B3B1123BDB71B00168202 /* BadgeView.swift */ = {isa = PBXFileReference; lastKnownFileType = sourcecode.swift; path = BadgeView.swift; sourceTree = "<group>"; };
		0E5B3B1323BDB7B700168202 /* HexagonParameters.swift */ = {isa = PBXFileReference; lastKnownFileType = sourcecode.swift; path = HexagonParameters.swift; sourceTree = "<group>"; };
		0E5B3B1523BDC12500168202 /* BadgeBackgroundView.swift */ = {isa = PBXFileReference; lastKnownFileType = sourcecode.swift; path = BadgeBackgroundView.swift; sourceTree = "<group>"; };
		0E5B3B1723BDC17A00168202 /* BadgeSymbol.swift */ = {isa = PBXFileReference; lastKnownFileType = sourcecode.swift; path = BadgeSymbol.swift; sourceTree = "<group>"; };
		0E5B3B1923BDC1F700168202 /* RotatedBadgeSymbol.swift */ = {isa = PBXFileReference; lastKnownFileType = sourcecode.swift; path = RotatedBadgeSymbol.swift; sourceTree = "<group>"; };
		0E5B3B1C23BDC53F00168202 /* HikeView.swift */ = {isa = PBXFileReference; lastKnownFileType = sourcecode.swift; path = HikeView.swift; sourceTree = "<group>"; };
		0E5B3B1E23BDC56400168202 /* Hike.swift */ = {isa = PBXFileReference; lastKnownFileType = sourcecode.swift; path = Hike.swift; sourceTree = "<group>"; };
		0E5B3B2023BDC58900168202 /* HikeGraph.swift */ = {isa = PBXFileReference; lastKnownFileType = sourcecode.swift; path = HikeGraph.swift; sourceTree = "<group>"; };
		0E5B3B2223BDC5AF00168202 /* HikeDetail.swift */ = {isa = PBXFileReference; lastKnownFileType = sourcecode.swift; path = HikeDetail.swift; sourceTree = "<group>"; };
		0E5B3B2623BDC6A500168202 /* GraphCapsule.swift */ = {isa = PBXFileReference; lastKnownFileType = sourcecode.swift; path = GraphCapsule.swift; sourceTree = "<group>"; };
		0E5B3B2823BDD48300168202 /* HomeView.swift */ = {isa = PBXFileReference; lastKnownFileType = sourcecode.swift; path = HomeView.swift; sourceTree = "<group>"; };
		0E5B3B2A23BDD55900168202 /* CategoryRow.swift */ = {isa = PBXFileReference; lastKnownFileType = sourcecode.swift; path = CategoryRow.swift; sourceTree = "<group>"; };
		0E5B3B2C23BDDA8F00168202 /* Profile.swift */ = {isa = PBXFileReference; lastKnownFileType = sourcecode.swift; path = Profile.swift; sourceTree = "<group>"; };
		0E5B3B2F23BDDAE700168202 /* ProfileHost.swift */ = {isa = PBXFileReference; lastKnownFileType = sourcecode.swift; path = ProfileHost.swift; sourceTree = "<group>"; };
		0E5B3B3123BDDBB500168202 /* ProfileSummary.swift */ = {isa = PBXFileReference; lastKnownFileType = sourcecode.swift; path = ProfileSummary.swift; sourceTree = "<group>"; };
		0E5B3B3323BDDC1200168202 /* HikeBadge.swift */ = {isa = PBXFileReference; lastKnownFileType = sourcecode.swift; path = HikeBadge.swift; sourceTree = "<group>"; };
		0E65D18723BDAFAC00864150 /* UserData.swift */ = {isa = PBXFileReference; lastKnownFileType = sourcecode.swift; path = UserData.swift; sourceTree = "<group>"; };
		0E91E95223BB56AB00222094 /* SwiftUIDemo.app */ = {isa = PBXFileReference; explicitFileType = wrapper.application; includeInIndex = 0; path = SwiftUIDemo.app; sourceTree = BUILT_PRODUCTS_DIR; };
		0E91E95523BB56AB00222094 /* AppDelegate.swift */ = {isa = PBXFileReference; lastKnownFileType = sourcecode.swift; path = AppDelegate.swift; sourceTree = "<group>"; };
		0E91E95723BB56AB00222094 /* SceneDelegate.swift */ = {isa = PBXFileReference; lastKnownFileType = sourcecode.swift; path = SceneDelegate.swift; sourceTree = "<group>"; };
		0E91E95923BB56AB00222094 /* LandmarkDetail.swift */ = {isa = PBXFileReference; lastKnownFileType = sourcecode.swift; path = LandmarkDetail.swift; sourceTree = "<group>"; };
		0E91E95B23BB56AD00222094 /* Assets.xcassets */ = {isa = PBXFileReference; lastKnownFileType = folder.assetcatalog; path = Assets.xcassets; sourceTree = "<group>"; };
		0E91E95E23BB56AD00222094 /* Preview Assets.xcassets */ = {isa = PBXFileReference; lastKnownFileType = folder.assetcatalog; path = "Preview Assets.xcassets"; sourceTree = "<group>"; };
		0E91E96123BB56AD00222094 /* Base */ = {isa = PBXFileReference; lastKnownFileType = file.storyboard; name = Base; path = Base.lproj/LaunchScreen.storyboard; sourceTree = "<group>"; };
		0E91E96323BB56AD00222094 /* Info.plist */ = {isa = PBXFileReference; lastKnownFileType = text.plist.xml; path = Info.plist; sourceTree = "<group>"; };
		0E91E96923BB58AB00222094 /* CircleImage.swift */ = {isa = PBXFileReference; lastKnownFileType = sourcecode.swift; path = CircleImage.swift; sourceTree = "<group>"; };
		0E91E96B23BB598600222094 /* MapView.swift */ = {isa = PBXFileReference; lastKnownFileType = sourcecode.swift; path = MapView.swift; sourceTree = "<group>"; };
		0EBA48A923BDED0E0056C606 /* chilkoottrail.jpg */ = {isa = PBXFileReference; lastKnownFileType = image.jpeg; name = chilkoottrail.jpg; path = ../../../../Downloads/InterfacingWithUIKit/Complete/Landmarks/Landmarks/Resources/chilkoottrail.jpg; sourceTree = "<group>"; };
		0EBA48AA23BDED0E0056C606 /* stmarylake_feature.jpg */ = {isa = PBXFileReference; lastKnownFileType = image.jpeg; path = stmarylake_feature.jpg; sourceTree = "<group>"; };
		0EBA48AB23BDED0E0056C606 /* silversalmoncreek.jpg */ = {isa = PBXFileReference; lastKnownFileType = image.jpeg; name = silversalmoncreek.jpg; path = ../../../../Downloads/InterfacingWithUIKit/Complete/Landmarks/Landmarks/Resources/silversalmoncreek.jpg; sourceTree = "<group>"; };
		0EBA48AC23BDED0E0056C606 /* chincoteague.jpg */ = {isa = PBXFileReference; lastKnownFileType = image.jpeg; name = chincoteague.jpg; path = ../../../../Downloads/InterfacingWithUIKit/Complete/Landmarks/Landmarks/Resources/chincoteague.jpg; sourceTree = "<group>"; };
		0EBA48AD23BDED0E0056C606 /* hiddenlake.jpg */ = {isa = PBXFileReference; lastKnownFileType = image.jpeg; name = hiddenlake.jpg; path = ../../../../Downloads/InterfacingWithUIKit/Complete/Landmarks/Landmarks/Resources/hiddenlake.jpg; sourceTree = "<group>"; };
		0EBA48AE23BDED0E0056C606 /* turtlerock_feature.jpg */ = {isa = PBXFileReference; lastKnownFileType = image.jpeg; path = turtlerock_feature.jpg; sourceTree = "<group>"; };
		0EBA48AF23BDED0F0056C606 /* landmarkData.json */ = {isa = PBXFileReference; fileEncoding = 4; lastKnownFileType = text.json; name = landmarkData.json; path = ../../../../Downloads/InterfacingWithUIKit/Complete/Landmarks/Landmarks/Resources/landmarkData.json; sourceTree = "<group>"; };
		0EBA48B023BDED0F0056C606 /* twinlake.jpg */ = {isa = PBXFileReference; lastKnownFileType = image.jpeg; name = twinlake.jpg; path = ../../../../Downloads/InterfacingWithUIKit/Complete/Landmarks/Landmarks/Resources/twinlake.jpg; sourceTree = "<group>"; };
		0EBA48B123BDED0F0056C606 /* lakemcdonald.jpg */ = {isa = PBXFileReference; lastKnownFileType = image.jpeg; name = lakemcdonald.jpg; path = ../../../../Downloads/InterfacingWithUIKit/Complete/Landmarks/Landmarks/Resources/lakemcdonald.jpg; sourceTree = "<group>"; };
		0EBA48B223BDED0F0056C606 /* hikeData.json */ = {isa = PBXFileReference; fileEncoding = 4; lastKnownFileType = text.json; name = hikeData.json; path = ../../../../Downloads/InterfacingWithUIKit/Complete/Landmarks/Landmarks/Resources/hikeData.json; sourceTree = "<group>"; };
		0EBA48B323BDED0F0056C606 /* rainbowlake.jpg */ = {isa = PBXFileReference; lastKnownFileType = image.jpeg; name = rainbowlake.jpg; path = ../../../../Downloads/InterfacingWithUIKit/Complete/Landmarks/Landmarks/Resources/rainbowlake.jpg; sourceTree = "<group>"; };
		0EBA48B423BDED0F0056C606 /* stmarylake.jpg */ = {isa = PBXFileReference; lastKnownFileType = image.jpeg; name = stmarylake.jpg; path = ../../../../Downloads/InterfacingWithUIKit/Complete/Landmarks/Landmarks/Resources/stmarylake.jpg; sourceTree = "<group>"; };
		0EBA48B523BDED0F0056C606 /* turtlerock.jpg */ = {isa = PBXFileReference; lastKnownFileType = image.jpeg; name = turtlerock.jpg; path = ../../../../Downloads/InterfacingWithUIKit/Complete/Landmarks/Landmarks/Resources/turtlerock.jpg; sourceTree = "<group>"; };
		0EBA48B623BDED0F0056C606 /* icybay.jpg */ = {isa = PBXFileReference; lastKnownFileType = image.jpeg; name = icybay.jpg; path = ../../../../Downloads/InterfacingWithUIKit/Complete/Landmarks/Landmarks/Resources/icybay.jpg; sourceTree = "<group>"; };
		0EBA48B723BDED0F0056C606 /* umbagog.jpg */ = {isa = PBXFileReference; lastKnownFileType = image.jpeg; name = umbagog.jpg; path = ../../../../Downloads/InterfacingWithUIKit/Complete/Landmarks/Landmarks/Resources/umbagog.jpg; sourceTree = "<group>"; };
		0EBA48B823BDED0F0056C606 /* charleyrivers.jpg */ = {isa = PBXFileReference; lastKnownFileType = image.jpeg; name = charleyrivers.jpg; path = ../../../../Downloads/InterfacingWithUIKit/Complete/Landmarks/Landmarks/Resources/charleyrivers.jpg; sourceTree = "<group>"; };
		0EBA48B923BDED0F0056C606 /* charleyrivers_feature.jpg */ = {isa = PBXFileReference; lastKnownFileType = image.jpeg; path = charleyrivers_feature.jpg; sourceTree = "<group>"; };
		0EBA48CB23BDEDCD0056C606 /* PageControl.swift */ = {isa = PBXFileReference; lastKnownFileType = sourcecode.swift; path = PageControl.swift; sourceTree = "<group>"; };
		0EEB89D123BB616C008AB4BA /* LandmarkRow.swift */ = {isa = PBXFileReference; lastKnownFileType = sourcecode.swift; path = LandmarkRow.swift; sourceTree = "<group>"; };
		0EEB89D323BB619B008AB4BA /* Landmark.swift */ = {isa = PBXFileReference; lastKnownFileType = sourcecode.swift; path = Landmark.swift; sourceTree = "<group>"; };
		0EEB89D523BB61D1008AB4BA /* Data.swift */ = {isa = PBXFileReference; lastKnownFileType = sourcecode.swift; path = Data.swift; sourceTree = "<group>"; };
/* End PBXFileReference section */

/* Begin PBXFrameworksBuildPhase section */
		0E91E94F23BB56AB00222094 /* Frameworks */ = {
			isa = PBXFrameworksBuildPhase;
			buildActionMask = 2147483647;
			files = (
			);
			runOnlyForDeploymentPostprocessing = 0;
		};
/* End PBXFrameworksBuildPhase section */

/* Begin PBXGroup section */
		0E017D7A23BDE820008377C0 /* ViewControllers */ = {
			isa = PBXGroup;
			children = (
				0E017D7B23BDE82F008377C0 /* PageViewController.swift */,
			);
			path = ViewControllers;
			sourceTree = "<group>";
		};
		0E5B3B1B23BDC48900168202 /* Badge */ = {
			isa = PBXGroup;
			children = (
				0E5B3B1323BDB7B700168202 /* HexagonParameters.swift */,
				0E5B3B1123BDB71B00168202 /* BadgeView.swift */,
				0E5B3B1723BDC17A00168202 /* BadgeSymbol.swift */,
				0E5B3B1923BDC1F700168202 /* RotatedBadgeSymbol.swift */,
				0E5B3B1523BDC12500168202 /* BadgeBackgroundView.swift */,
			);
			path = Badge;
			sourceTree = "<group>";
		};
		0E5B3B2E23BDDADA00168202 /* Profile */ = {
			isa = PBXGroup;
			children = (
				0E5B3B2F23BDDAE700168202 /* ProfileHost.swift */,
				0E017D7823BDDE82008377C0 /* ProfileEditor.swift */,
				0E5B3B3123BDDBB500168202 /* ProfileSummary.swift */,
			);
			path = Profile;
			sourceTree = "<group>";
		};
		0E91E94923BB56AB00222094 = {
			isa = PBXGroup;
			children = (
				0E91E95423BB56AB00222094 /* SwiftUIDemo */,
				0E91E95323BB56AB00222094 /* Products */,
			);
			sourceTree = "<group>";
		};
		0E91E95323BB56AB00222094 /* Products */ = {
			isa = PBXGroup;
			children = (
				0E91E95223BB56AB00222094 /* SwiftUIDemo.app */,
			);
			name = Products;
			sourceTree = "<group>";
		};
		0E91E95423BB56AB00222094 /* SwiftUIDemo */ = {
			isa = PBXGroup;
			children = (
				0E91E95523BB56AB00222094 /* AppDelegate.swift */,
				0E91E95723BB56AB00222094 /* SceneDelegate.swift */,
				0E5B3B2E23BDDADA00168202 /* Profile */,
				0E279FFB23BB64AD005EDF87 /* LandmarkList.swift */,
				0E91E95923BB56AB00222094 /* LandmarkDetail.swift */,
				0E5B3B2823BDD48300168202 /* HomeView.swift */,
				0E5B3B1C23BDC53F00168202 /* HikeView.swift */,
				0E017D7D23BDE89E008377C0 /* PageView.swift */,
				0EBA48CB23BDEDCD0056C606 /* PageControl.swift */,
				0E017D7A23BDE820008377C0 /* ViewControllers */,
				0E5B3B3323BDDC1200168202 /* HikeBadge.swift */,
				0E5B3B2223BDC5AF00168202 /* HikeDetail.swift */,
				0EEB89D923BB6223008AB4BA /* Resources */,
				0E91E95B23BB56AD00222094 /* Assets.xcassets */,
				0EEB89D823BB6205008AB4BA /* Supporting Views */,
				0EEB89D723BB61EA008AB4BA /* Model */,
				0E91E96023BB56AD00222094 /* LaunchScreen.storyboard */,
				0E91E96323BB56AD00222094 /* Info.plist */,
				0E91E95D23BB56AD00222094 /* Preview Content */,
			);
			path = SwiftUIDemo;
			sourceTree = "<group>";
		};
		0E91E95D23BB56AD00222094 /* Preview Content */ = {
			isa = PBXGroup;
			children = (
				0E91E95E23BB56AD00222094 /* Preview Assets.xcassets */,
			);
			path = "Preview Content";
			sourceTree = "<group>";
		};
		0EEB89D723BB61EA008AB4BA /* Model */ = {
			isa = PBXGroup;
			children = (
				0EEB89D323BB619B008AB4BA /* Landmark.swift */,
				0E5B3B1E23BDC56400168202 /* Hike.swift */,
				0E5B3B2C23BDDA8F00168202 /* Profile.swift */,
				0EEB89D523BB61D1008AB4BA /* Data.swift */,
				0E65D18723BDAFAC00864150 /* UserData.swift */,
			);
			path = Model;
			sourceTree = "<group>";
		};
		0EEB89D823BB6205008AB4BA /* Supporting Views */ = {
			isa = PBXGroup;
			children = (
				0EEB89D123BB616C008AB4BA /* LandmarkRow.swift */,
				0E5B3B2A23BDD55900168202 /* CategoryRow.swift */,
				0E017D7F23BDE94F008377C0 /* FeatureCard.swift */,
				0E5B3B2623BDC6A500168202 /* GraphCapsule.swift */,
				0E5B3B1B23BDC48900168202 /* Badge */,
				0E91E96923BB58AB00222094 /* CircleImage.swift */,
				0E91E96B23BB598600222094 /* MapView.swift */,
				0E5B3B2023BDC58900168202 /* HikeGraph.swift */,
			);
			path = "Supporting Views";
			sourceTree = "<group>";
		};
		0EEB89D923BB6223008AB4BA /* Resources */ = {
			isa = PBXGroup;
			children = (
				0EBA48B923BDED0F0056C606 /* charleyrivers_feature.jpg */,
				0EBA48B823BDED0F0056C606 /* charleyrivers.jpg */,
				0EBA48A923BDED0E0056C606 /* chilkoottrail.jpg */,
				0EBA48AC23BDED0E0056C606 /* chincoteague.jpg */,
				0EBA48AD23BDED0E0056C606 /* hiddenlake.jpg */,
				0EBA48B223BDED0F0056C606 /* hikeData.json */,
				0EBA48B623BDED0F0056C606 /* icybay.jpg */,
				0EBA48B123BDED0F0056C606 /* lakemcdonald.jpg */,
				0EBA48AF23BDED0F0056C606 /* landmarkData.json */,
				0EBA48B323BDED0F0056C606 /* rainbowlake.jpg */,
				0EBA48AB23BDED0E0056C606 /* silversalmoncreek.jpg */,
				0EBA48AA23BDED0E0056C606 /* stmarylake_feature.jpg */,
				0EBA48B423BDED0F0056C606 /* stmarylake.jpg */,
				0EBA48AE23BDED0E0056C606 /* turtlerock_feature.jpg */,
				0EBA48B523BDED0F0056C606 /* turtlerock.jpg */,
				0EBA48B023BDED0F0056C606 /* twinlake.jpg */,
				0EBA48B723BDED0F0056C606 /* umbagog.jpg */,
			);
			path = Resources;
			sourceTree = "<group>";
		};
/* End PBXGroup section */

/* Begin PBXNativeTarget section */
		0E91E95123BB56AB00222094 /* SwiftUIDemo */ = {
			isa = PBXNativeTarget;
			buildConfigurationList = 0E91E96623BB56AD00222094 /* Build configuration list for PBXNativeTarget "SwiftUIDemo" */;
			buildPhases = (
				0E91E94E23BB56AB00222094 /* Sources */,
				0E91E94F23BB56AB00222094 /* Frameworks */,
				0E91E95023BB56AB00222094 /* Resources */,
			);
			buildRules = (
			);
			dependencies = (
			);
			name = SwiftUIDemo;
			productName = SwiftUIDemo;
			productReference = 0E91E95223BB56AB00222094 /* SwiftUIDemo.app */;
			productType = "com.apple.product-type.application";
		};
/* End PBXNativeTarget section */

/* Begin PBXProject section */
		0E91E94A23BB56AB00222094 /* Project object */ = {
			isa = PBXProject;
			attributes = {
				LastSwiftUpdateCheck = 1120;
				LastUpgradeCheck = 1120;
				ORGANIZATIONNAME = "Sujan Vaidya";
				TargetAttributes = {
					0E91E95123BB56AB00222094 = {
						CreatedOnToolsVersion = 11.2.1;
					};
				};
			};
			buildConfigurationList = 0E91E94D23BB56AB00222094 /* Build configuration list for PBXProject "SwiftUIDemo" */;
			compatibilityVersion = "Xcode 9.3";
			developmentRegion = en;
			hasScannedForEncodings = 0;
			knownRegions = (
				en,
				Base,
			);
			mainGroup = 0E91E94923BB56AB00222094;
			productRefGroup = 0E91E95323BB56AB00222094 /* Products */;
			projectDirPath = "";
			projectRoot = "";
			targets = (
				0E91E95123BB56AB00222094 /* SwiftUIDemo */,
			);
		};
/* End PBXProject section */

/* Begin PBXResourcesBuildPhase section */
		0E91E95023BB56AB00222094 /* Resources */ = {
			isa = PBXResourcesBuildPhase;
			buildActionMask = 2147483647;
			files = (
				0E91E96223BB56AD00222094 /* LaunchScreen.storyboard in Resources */,
				0EBA48BA23BDED0F0056C606 /* chilkoottrail.jpg in Resources */,
				0E91E95F23BB56AD00222094 /* Preview Assets.xcassets in Resources */,
				0EBA48C023BDED0F0056C606 /* landmarkData.json in Resources */,
				0EBA48BD23BDED0F0056C606 /* chincoteague.jpg in Resources */,
				0EBA48BC23BDED0F0056C606 /* silversalmoncreek.jpg in Resources */,
				0EBA48C823BDED0F0056C606 /* umbagog.jpg in Resources */,
				0EBA48C523BDED0F0056C606 /* stmarylake.jpg in Resources */,
				0EBA48C923BDED0F0056C606 /* charleyrivers.jpg in Resources */,
				0EBA48C223BDED0F0056C606 /* lakemcdonald.jpg in Resources */,
				0EBA48CA23BDED0F0056C606 /* charleyrivers_feature.jpg in Resources */,
				0EBA48C423BDED0F0056C606 /* rainbowlake.jpg in Resources */,
				0EBA48BF23BDED0F0056C606 /* turtlerock_feature.jpg in Resources */,
				0EBA48BB23BDED0F0056C606 /* stmarylake_feature.jpg in Resources */,
				0EBA48C323BDED0F0056C606 /* hikeData.json in Resources */,
				0EBA48C723BDED0F0056C606 /* icybay.jpg in Resources */,
				0EBA48C623BDED0F0056C606 /* turtlerock.jpg in Resources */,
				0EBA48BE23BDED0F0056C606 /* hiddenlake.jpg in Resources */,
				0E91E95C23BB56AD00222094 /* Assets.xcassets in Resources */,
				0EBA48C123BDED0F0056C606 /* twinlake.jpg in Resources */,
			);
			runOnlyForDeploymentPostprocessing = 0;
		};
/* End PBXResourcesBuildPhase section */

/* Begin PBXSourcesBuildPhase section */
		0E91E94E23BB56AB00222094 /* Sources */ = {
			isa = PBXSourcesBuildPhase;
			buildActionMask = 2147483647;
			files = (
				0E5B3B2B23BDD55900168202 /* CategoryRow.swift in Sources */,
				0E5B3B2723BDC6A500168202 /* GraphCapsule.swift in Sources */,
				0E5B3B1F23BDC56400168202 /* Hike.swift in Sources */,
				0E5B3B3023BDDAE700168202 /* ProfileHost.swift in Sources */,
				0E017D8023BDE94F008377C0 /* FeatureCard.swift in Sources */,
				0E5B3B2D23BDDA8F00168202 /* Profile.swift in Sources */,
				0E5B3B2123BDC58900168202 /* HikeGraph.swift in Sources */,
				0E017D7E23BDE89E008377C0 /* PageView.swift in Sources */,
				0E5B3B1423BDB7B700168202 /* HexagonParameters.swift in Sources */,
				0E5B3B1223BDB71B00168202 /* BadgeView.swift in Sources */,
				0EEB89D423BB619B008AB4BA /* Landmark.swift in Sources */,
				0E91E95623BB56AB00222094 /* AppDelegate.swift in Sources */,
				0E5B3B1623BDC12500168202 /* BadgeBackgroundView.swift in Sources */,
				0E5B3B2323BDC5AF00168202 /* HikeDetail.swift in Sources */,
				0E5B3B1D23BDC53F00168202 /* HikeView.swift in Sources */,
				0E91E96A23BB58AB00222094 /* CircleImage.swift in Sources */,
				0EEB89D223BB616C008AB4BA /* LandmarkRow.swift in Sources */,
				0E017D7C23BDE82F008377C0 /* PageViewController.swift in Sources */,
				0E5B3B1823BDC17A00168202 /* BadgeSymbol.swift in Sources */,
				0E5B3B3423BDDC1200168202 /* HikeBadge.swift in Sources */,
				0E5B3B1A23BDC1F700168202 /* RotatedBadgeSymbol.swift in Sources */,
				0E279FFC23BB64AD005EDF87 /* LandmarkList.swift in Sources */,
				0E5B3B2923BDD48300168202 /* HomeView.swift in Sources */,
				0E91E96C23BB598600222094 /* MapView.swift in Sources */,
				0E91E95823BB56AB00222094 /* SceneDelegate.swift in Sources */,
				0E91E95A23BB56AB00222094 /* LandmarkDetail.swift in Sources */,
				0E5B3B3223BDDBB500168202 /* ProfileSummary.swift in Sources */,
				0EBA48CC23BDEDCD0056C606 /* PageControl.swift in Sources */,
				0E65D18823BDAFAC00864150 /* UserData.swift in Sources */,
				0EEB89D623BB61D1008AB4BA /* Data.swift in Sources */,
				0E017D7923BDDE82008377C0 /* ProfileEditor.swift in Sources */,
			);
			runOnlyForDeploymentPostprocessing = 0;
		};
/* End PBXSourcesBuildPhase section */

/* Begin PBXVariantGroup section */
		0E91E96023BB56AD00222094 /* LaunchScreen.storyboard */ = {
			isa = PBXVariantGroup;
			children = (
				0E91E96123BB56AD00222094 /* Base */,
			);
			name = LaunchScreen.storyboard;
			sourceTree = "<group>";
		};
/* End PBXVariantGroup section */

/* Begin XCBuildConfiguration section */
		0E91E96423BB56AD00222094 /* Debug */ = {
			isa = XCBuildConfiguration;
			buildSettings = {
				ALWAYS_SEARCH_USER_PATHS = NO;
				CLANG_ANALYZER_NONNULL = YES;
				CLANG_ANALYZER_NUMBER_OBJECT_CONVERSION = YES_AGGRESSIVE;
				CLANG_CXX_LANGUAGE_STANDARD = "gnu++14";
				CLANG_CXX_LIBRARY = "libc++";
				CLANG_ENABLE_MODULES = YES;
				CLANG_ENABLE_OBJC_ARC = YES;
				CLANG_ENABLE_OBJC_WEAK = YES;
				CLANG_WARN_BLOCK_CAPTURE_AUTORELEASING = YES;
				CLANG_WARN_BOOL_CONVERSION = YES;
				CLANG_WARN_COMMA = YES;
				CLANG_WARN_CONSTANT_CONVERSION = YES;
				CLANG_WARN_DEPRECATED_OBJC_IMPLEMENTATIONS = YES;
				CLANG_WARN_DIRECT_OBJC_ISA_USAGE = YES_ERROR;
				CLANG_WARN_DOCUMENTATION_COMMENTS = YES;
				CLANG_WARN_EMPTY_BODY = YES;
				CLANG_WARN_ENUM_CONVERSION = YES;
				CLANG_WARN_INFINITE_RECURSION = YES;
				CLANG_WARN_INT_CONVERSION = YES;
				CLANG_WARN_NON_LITERAL_NULL_CONVERSION = YES;
				CLANG_WARN_OBJC_IMPLICIT_RETAIN_SELF = YES;
				CLANG_WARN_OBJC_LITERAL_CONVERSION = YES;
				CLANG_WARN_OBJC_ROOT_CLASS = YES_ERROR;
				CLANG_WARN_RANGE_LOOP_ANALYSIS = YES;
				CLANG_WARN_STRICT_PROTOTYPES = YES;
				CLANG_WARN_SUSPICIOUS_MOVE = YES;
				CLANG_WARN_UNGUARDED_AVAILABILITY = YES_AGGRESSIVE;
				CLANG_WARN_UNREACHABLE_CODE = YES;
				CLANG_WARN__DUPLICATE_METHOD_MATCH = YES;
				COPY_PHASE_STRIP = NO;
				DEBUG_INFORMATION_FORMAT = dwarf;
				ENABLE_STRICT_OBJC_MSGSEND = YES;
				ENABLE_TESTABILITY = YES;
				GCC_C_LANGUAGE_STANDARD = gnu11;
				GCC_DYNAMIC_NO_PIC = NO;
				GCC_NO_COMMON_BLOCKS = YES;
				GCC_OPTIMIZATION_LEVEL = 0;
				GCC_PREPROCESSOR_DEFINITIONS = (
					"DEBUG=1",
					"$(inherited)",
				);
				GCC_WARN_64_TO_32_BIT_CONVERSION = YES;
				GCC_WARN_ABOUT_RETURN_TYPE = YES_ERROR;
				GCC_WARN_UNDECLARED_SELECTOR = YES;
				GCC_WARN_UNINITIALIZED_AUTOS = YES_AGGRESSIVE;
				GCC_WARN_UNUSED_FUNCTION = YES;
				GCC_WARN_UNUSED_VARIABLE = YES;
				IPHONEOS_DEPLOYMENT_TARGET = 13.2;
				MTL_ENABLE_DEBUG_INFO = INCLUDE_SOURCE;
				MTL_FAST_MATH = YES;
				ONLY_ACTIVE_ARCH = YES;
				SDKROOT = iphoneos;
				SWIFT_ACTIVE_COMPILATION_CONDITIONS = DEBUG;
				SWIFT_OPTIMIZATION_LEVEL = "-Onone";
			};
			name = Debug;
		};
		0E91E96523BB56AD00222094 /* Release */ = {
			isa = XCBuildConfiguration;
			buildSettings = {
				ALWAYS_SEARCH_USER_PATHS = NO;
				CLANG_ANALYZER_NONNULL = YES;
				CLANG_ANALYZER_NUMBER_OBJECT_CONVERSION = YES_AGGRESSIVE;
				CLANG_CXX_LANGUAGE_STANDARD = "gnu++14";
				CLANG_CXX_LIBRARY = "libc++";
				CLANG_ENABLE_MODULES = YES;
				CLANG_ENABLE_OBJC_ARC = YES;
				CLANG_ENABLE_OBJC_WEAK = YES;
				CLANG_WARN_BLOCK_CAPTURE_AUTORELEASING = YES;
				CLANG_WARN_BOOL_CONVERSION = YES;
				CLANG_WARN_COMMA = YES;
				CLANG_WARN_CONSTANT_CONVERSION = YES;
				CLANG_WARN_DEPRECATED_OBJC_IMPLEMENTATIONS = YES;
				CLANG_WARN_DIRECT_OBJC_ISA_USAGE = YES_ERROR;
				CLANG_WARN_DOCUMENTATION_COMMENTS = YES;
				CLANG_WARN_EMPTY_BODY = YES;
				CLANG_WARN_ENUM_CONVERSION = YES;
				CLANG_WARN_INFINITE_RECURSION = YES;
				CLANG_WARN_INT_CONVERSION = YES;
				CLANG_WARN_NON_LITERAL_NULL_CONVERSION = YES;
				CLANG_WARN_OBJC_IMPLICIT_RETAIN_SELF = YES;
				CLANG_WARN_OBJC_LITERAL_CONVERSION = YES;
				CLANG_WARN_OBJC_ROOT_CLASS = YES_ERROR;
				CLANG_WARN_RANGE_LOOP_ANALYSIS = YES;
				CLANG_WARN_STRICT_PROTOTYPES = YES;
				CLANG_WARN_SUSPICIOUS_MOVE = YES;
				CLANG_WARN_UNGUARDED_AVAILABILITY = YES_AGGRESSIVE;
				CLANG_WARN_UNREACHABLE_CODE = YES;
				CLANG_WARN__DUPLICATE_METHOD_MATCH = YES;
				COPY_PHASE_STRIP = NO;
				DEBUG_INFORMATION_FORMAT = "dwarf-with-dsym";
				ENABLE_NS_ASSERTIONS = NO;
				ENABLE_STRICT_OBJC_MSGSEND = YES;
				GCC_C_LANGUAGE_STANDARD = gnu11;
				GCC_NO_COMMON_BLOCKS = YES;
				GCC_WARN_64_TO_32_BIT_CONVERSION = YES;
				GCC_WARN_ABOUT_RETURN_TYPE = YES_ERROR;
				GCC_WARN_UNDECLARED_SELECTOR = YES;
				GCC_WARN_UNINITIALIZED_AUTOS = YES_AGGRESSIVE;
				GCC_WARN_UNUSED_FUNCTION = YES;
				GCC_WARN_UNUSED_VARIABLE = YES;
				IPHONEOS_DEPLOYMENT_TARGET = 13.2;
				MTL_ENABLE_DEBUG_INFO = NO;
				MTL_FAST_MATH = YES;
				SDKROOT = iphoneos;
				SWIFT_COMPILATION_MODE = wholemodule;
				SWIFT_OPTIMIZATION_LEVEL = "-O";
				VALIDATE_PRODUCT = YES;
			};
			name = Release;
		};
		0E91E96723BB56AD00222094 /* Debug */ = {
			isa = XCBuildConfiguration;
			buildSettings = {
				ASSETCATALOG_COMPILER_APPICON_NAME = AppIcon;
				CODE_SIGN_STYLE = Automatic;
				DEVELOPMENT_ASSET_PATHS = "\"SwiftUIDemo/Preview Content\"";
				ENABLE_PREVIEWS = YES;
				INFOPLIST_FILE = SwiftUIDemo/Info.plist;
				LD_RUNPATH_SEARCH_PATHS = (
					"$(inherited)",
					"@executable_path/Frameworks",
				);
				PRODUCT_BUNDLE_IDENTIFIER = com.vsujan.SwiftUIDemo;
				PRODUCT_NAME = "$(TARGET_NAME)";
				SWIFT_VERSION = 5.0;
				TARGETED_DEVICE_FAMILY = "1,2";
			};
			name = Debug;
		};
		0E91E96823BB56AD00222094 /* Release */ = {
			isa = XCBuildConfiguration;
			buildSettings = {
				ASSETCATALOG_COMPILER_APPICON_NAME = AppIcon;
				CODE_SIGN_STYLE = Automatic;
				DEVELOPMENT_ASSET_PATHS = "\"SwiftUIDemo/Preview Content\"";
				ENABLE_PREVIEWS = YES;
				INFOPLIST_FILE = SwiftUIDemo/Info.plist;
				LD_RUNPATH_SEARCH_PATHS = (
					"$(inherited)",
					"@executable_path/Frameworks",
				);
				PRODUCT_BUNDLE_IDENTIFIER = com.vsujan.SwiftUIDemo;
				PRODUCT_NAME = "$(TARGET_NAME)";
				SWIFT_VERSION = 5.0;
				TARGETED_DEVICE_FAMILY = "1,2";
			};
			name = Release;
		};
/* End XCBuildConfiguration section */

/* Begin XCConfigurationList section */
		0E91E94D23BB56AB00222094 /* Build configuration list for PBXProject "SwiftUIDemo" */ = {
			isa = XCConfigurationList;
			buildConfigurations = (
				0E91E96423BB56AD00222094 /* Debug */,
				0E91E96523BB56AD00222094 /* Release */,
			);
			defaultConfigurationIsVisible = 0;
			defaultConfigurationName = Release;
		};
		0E91E96623BB56AD00222094 /* Build configuration list for PBXNativeTarget "SwiftUIDemo" */ = {
			isa = XCConfigurationList;
			buildConfigurations = (
				0E91E96723BB56AD00222094 /* Debug */,
				0E91E96823BB56AD00222094 /* Release */,
			);
			defaultConfigurationIsVisible = 0;
			defaultConfigurationName = Release;
		};
/* End XCConfigurationList section */
	};
	rootObject = 0E91E94A23BB56AB00222094 /* Project object */;
}
